// !$*UTF8*$!
{
	archiveVersion = 1;
	classes = {
	};
	objectVersion = 46;
	objects = {

/* Begin PBXBuildFile section */
		A91329B218E90E7E0039B81D /* DSRedis.m in Sources */ = {isa = PBXBuildFile; fileRef = A91329B118E90E7E0039B81D /* DSRedis.m */; };
		A92BE5751879A2AE0057B8F4 /* dict.c in Sources */ = {isa = PBXBuildFile; fileRef = A92BE55E1879A2AE0057B8F4 /* dict.c */; };
		A92BE57B1879A2AE0057B8F4 /* hiredis.c in Sources */ = {isa = PBXBuildFile; fileRef = A92BE5671879A2AE0057B8F4 /* hiredis.c */; };
		A92BE57D1879A2AE0057B8F4 /* net.c in Sources */ = {isa = PBXBuildFile; fileRef = A92BE56A1879A2AE0057B8F4 /* net.c */; };
		A92BE57F1879A2AE0057B8F4 /* sds.c in Sources */ = {isa = PBXBuildFile; fileRef = A92BE56D1879A2AE0057B8F4 /* sds.c */; };
		A94DABD71879967600DE1AA8 /* Foundation.framework in Frameworks */ = {isa = PBXBuildFile; fileRef = A94DABD61879967600DE1AA8 /* Foundation.framework */; };
		A94DABE51879967700DE1AA8 /* XCTest.framework in Frameworks */ = {isa = PBXBuildFile; fileRef = A94DABE41879967700DE1AA8 /* XCTest.framework */; };
		A94DABE61879967700DE1AA8 /* Foundation.framework in Frameworks */ = {isa = PBXBuildFile; fileRef = A94DABD61879967600DE1AA8 /* Foundation.framework */; };
		A94DABE81879967700DE1AA8 /* UIKit.framework in Frameworks */ = {isa = PBXBuildFile; fileRef = A94DABE71879967700DE1AA8 /* UIKit.framework */; };
		A94DABEB1879967700DE1AA8 /* libDSRedis.a in Frameworks */ = {isa = PBXBuildFile; fileRef = A94DABD31879967600DE1AA8 /* libDSRedis.a */; };
		A9598E1018E90DFC00ECF4D9 /* ARedisTests.m in Sources */ = {isa = PBXBuildFile; fileRef = A9598E0A18E90DFC00ECF4D9 /* ARedisTests.m */; };
		A9598E1118E90DFC00ECF4D9 /* DSRedisTests-Info.plist in Resources */ = {isa = PBXBuildFile; fileRef = A9598E0B18E90DFC00ECF4D9 /* DSRedisTests-Info.plist */; };
		A9598E1218E90DFC00ECF4D9 /* InfoPlist.strings in Resources */ = {isa = PBXBuildFile; fileRef = A9598E0C18E90DFC00ECF4D9 /* InfoPlist.strings */; };
		A9598E1318E90DFC00ECF4D9 /* RedisExistsTests.m in Sources */ = {isa = PBXBuildFile; fileRef = A9598E0E18E90DFC00ECF4D9 /* RedisExistsTests.m */; };
		A9598E1418E90DFC00ECF4D9 /* RedisScriptTests.m in Sources */ = {isa = PBXBuildFile; fileRef = A9598E0F18E90DFC00ECF4D9 /* RedisScriptTests.m */; };
/* End PBXBuildFile section */

/* Begin PBXContainerItemProxy section */
		A94DABE91879967700DE1AA8 /* PBXContainerItemProxy */ = {
			isa = PBXContainerItemProxy;
			containerPortal = A94DABCB1879967600DE1AA8 /* Project object */;
			proxyType = 1;
			remoteGlobalIDString = A94DABD21879967600DE1AA8;
			remoteInfo = Redis;
		};
/* End PBXContainerItemProxy section */

/* Begin PBXCopyFilesBuildPhase section */
		A94DABD11879967600DE1AA8 /* CopyFiles */ = {
			isa = PBXCopyFilesBuildPhase;
			buildActionMask = 2147483647;
			dstPath = "include/$(PRODUCT_NAME)";
			dstSubfolderSpec = 16;
			files = (
			);
			runOnlyForDeploymentPostprocessing = 0;
		};
/* End PBXCopyFilesBuildPhase section */

/* Begin PBXFileReference section */
		A91329AF18E90E7E0039B81D /* DSRedis-Prefix.pch */ = {isa = PBXFileReference; fileEncoding = 4; lastKnownFileType = sourcecode.c.h; path = "DSRedis-Prefix.pch"; sourceTree = "<group>"; };
		A91329B018E90E7E0039B81D /* DSRedis.h */ = {isa = PBXFileReference; fileEncoding = 4; lastKnownFileType = sourcecode.c.h; path = DSRedis.h; sourceTree = "<group>"; };
		A91329B118E90E7E0039B81D /* DSRedis.m */ = {isa = PBXFileReference; fileEncoding = 4; lastKnownFileType = sourcecode.c.objc; path = DSRedis.m; sourceTree = "<group>"; };
		A92BE55E1879A2AE0057B8F4 /* dict.c */ = {isa = PBXFileReference; fileEncoding = 4; lastKnownFileType = sourcecode.c.c; path = dict.c; sourceTree = "<group>"; };
		A92BE55F1879A2AE0057B8F4 /* dict.h */ = {isa = PBXFileReference; fileEncoding = 4; lastKnownFileType = sourcecode.c.h; path = dict.h; sourceTree = "<group>"; };
		A92BE5661879A2AE0057B8F4 /* fmacros.h */ = {isa = PBXFileReference; fileEncoding = 4; lastKnownFileType = sourcecode.c.h; path = fmacros.h; sourceTree = "<group>"; };
		A92BE5671879A2AE0057B8F4 /* hiredis.c */ = {isa = PBXFileReference; fileEncoding = 4; lastKnownFileType = sourcecode.c.c; path = hiredis.c; sourceTree = "<group>"; };
		A92BE5681879A2AE0057B8F4 /* hiredis.h */ = {isa = PBXFileReference; fileEncoding = 4; lastKnownFileType = sourcecode.c.h; path = hiredis.h; sourceTree = "<group>"; };
		A92BE56A1879A2AE0057B8F4 /* net.c */ = {isa = PBXFileReference; fileEncoding = 4; lastKnownFileType = sourcecode.c.c; path = net.c; sourceTree = "<group>"; };
		A92BE56B1879A2AE0057B8F4 /* net.h */ = {isa = PBXFileReference; fileEncoding = 4; lastKnownFileType = sourcecode.c.h; path = net.h; sourceTree = "<group>"; };
		A92BE56D1879A2AE0057B8F4 /* sds.c */ = {isa = PBXFileReference; fileEncoding = 4; lastKnownFileType = sourcecode.c.c; path = sds.c; sourceTree = "<group>"; };
		A92BE56E1879A2AE0057B8F4 /* sds.h */ = {isa = PBXFileReference; fileEncoding = 4; lastKnownFileType = sourcecode.c.h; path = sds.h; sourceTree = "<group>"; };
		A94DABD31879967600DE1AA8 /* libDSRedis.a */ = {isa = PBXFileReference; explicitFileType = archive.ar; includeInIndex = 0; path = libDSRedis.a; sourceTree = BUILT_PRODUCTS_DIR; };
		A94DABD61879967600DE1AA8 /* Foundation.framework */ = {isa = PBXFileReference; lastKnownFileType = wrapper.framework; name = Foundation.framework; path = System/Library/Frameworks/Foundation.framework; sourceTree = SDKROOT; };
		A94DABE31879967700DE1AA8 /* DSRedisTests.xctest */ = {isa = PBXFileReference; explicitFileType = wrapper.cfbundle; includeInIndex = 0; path = DSRedisTests.xctest; sourceTree = BUILT_PRODUCTS_DIR; };
		A94DABE41879967700DE1AA8 /* XCTest.framework */ = {isa = PBXFileReference; lastKnownFileType = wrapper.framework; name = XCTest.framework; path = Library/Frameworks/XCTest.framework; sourceTree = DEVELOPER_DIR; };
		A94DABE71879967700DE1AA8 /* UIKit.framework */ = {isa = PBXFileReference; lastKnownFileType = wrapper.framework; name = UIKit.framework; path = Library/Frameworks/UIKit.framework; sourceTree = DEVELOPER_DIR; };
		A9598E0A18E90DFC00ECF4D9 /* ARedisTests.m */ = {isa = PBXFileReference; fileEncoding = 4; lastKnownFileType = sourcecode.c.objc; path = ARedisTests.m; sourceTree = "<group>"; };
		A9598E0B18E90DFC00ECF4D9 /* DSRedisTests-Info.plist */ = {isa = PBXFileReference; fileEncoding = 4; lastKnownFileType = text.plist.xml; path = "DSRedisTests-Info.plist"; sourceTree = "<group>"; };
		A9598E0D18E90DFC00ECF4D9 /* en */ = {isa = PBXFileReference; lastKnownFileType = text.plist.strings; name = en; path = en.lproj/InfoPlist.strings; sourceTree = "<group>"; };
		A9598E0E18E90DFC00ECF4D9 /* RedisExistsTests.m */ = {isa = PBXFileReference; fileEncoding = 4; lastKnownFileType = sourcecode.c.objc; path = RedisExistsTests.m; sourceTree = "<group>"; };
		A9598E0F18E90DFC00ECF4D9 /* RedisScriptTests.m */ = {isa = PBXFileReference; fileEncoding = 4; lastKnownFileType = sourcecode.c.objc; path = RedisScriptTests.m; sourceTree = "<group>"; };
/* End PBXFileReference section */

/* Begin PBXFrameworksBuildPhase section */
		A94DABD01879967600DE1AA8 /* Frameworks */ = {
			isa = PBXFrameworksBuildPhase;
			buildActionMask = 2147483647;
			files = (
				A94DABD71879967600DE1AA8 /* Foundation.framework in Frameworks */,
			);
			runOnlyForDeploymentPostprocessing = 0;
		};
		A94DABE01879967700DE1AA8 /* Frameworks */ = {
			isa = PBXFrameworksBuildPhase;
			buildActionMask = 2147483647;
			files = (
				A94DABE51879967700DE1AA8 /* XCTest.framework in Frameworks */,
				A94DABE81879967700DE1AA8 /* UIKit.framework in Frameworks */,
				A94DABE61879967700DE1AA8 /* Foundation.framework in Frameworks */,
				A94DABEB1879967700DE1AA8 /* libDSRedis.a in Frameworks */,
			);
			runOnlyForDeploymentPostprocessing = 0;
		};
/* End PBXFrameworksBuildPhase section */

/* Begin PBXGroup section */
		A91329AE18E90E7E0039B81D /* DSRedis */ = {
			isa = PBXGroup;
			children = (
				A91329AF18E90E7E0039B81D /* DSRedis-Prefix.pch */,
				A91329B018E90E7E0039B81D /* DSRedis.h */,
				A91329B118E90E7E0039B81D /* DSRedis.m */,
			);
			path = DSRedis;
			sourceTree = "<group>";
		};
		A92BE5521879A2AE0057B8F4 /* hiredis */ = {
			isa = PBXGroup;
			children = (
				A92BE55E1879A2AE0057B8F4 /* dict.c */,
				A92BE55F1879A2AE0057B8F4 /* dict.h */,
				A92BE5661879A2AE0057B8F4 /* fmacros.h */,
				A92BE5671879A2AE0057B8F4 /* hiredis.c */,
				A92BE5681879A2AE0057B8F4 /* hiredis.h */,
				A92BE56A1879A2AE0057B8F4 /* net.c */,
				A92BE56B1879A2AE0057B8F4 /* net.h */,
				A92BE56D1879A2AE0057B8F4 /* sds.c */,
				A92BE56E1879A2AE0057B8F4 /* sds.h */,
			);
			path = hiredis;
			sourceTree = "<group>";
		};
		A94DABCA1879967600DE1AA8 = {
			isa = PBXGroup;
			children = (
				A92BE5521879A2AE0057B8F4 /* hiredis */,
				A91329AE18E90E7E0039B81D /* DSRedis */,
				A9598E0918E90DFC00ECF4D9 /* DSRedisTests */,
				A94DABD51879967600DE1AA8 /* Frameworks */,
				A94DABD41879967600DE1AA8 /* Products */,
			);
			sourceTree = "<group>";
		};
		A94DABD41879967600DE1AA8 /* Products */ = {
			isa = PBXGroup;
			children = (
				A94DABD31879967600DE1AA8 /* libDSRedis.a */,
				A94DABE31879967700DE1AA8 /* DSRedisTests.xctest */,
			);
			name = Products;
			sourceTree = "<group>";
		};
		A94DABD51879967600DE1AA8 /* Frameworks */ = {
			isa = PBXGroup;
			children = (
				A94DABD61879967600DE1AA8 /* Foundation.framework */,
				A94DABE41879967700DE1AA8 /* XCTest.framework */,
				A94DABE71879967700DE1AA8 /* UIKit.framework */,
			);
			name = Frameworks;
			sourceTree = "<group>";
		};
		A9598E0918E90DFC00ECF4D9 /* DSRedisTests */ = {
			isa = PBXGroup;
			children = (
				A9598E0A18E90DFC00ECF4D9 /* ARedisTests.m */,
				A9598E0B18E90DFC00ECF4D9 /* DSRedisTests-Info.plist */,
				A9598E0C18E90DFC00ECF4D9 /* InfoPlist.strings */,
				A9598E0E18E90DFC00ECF4D9 /* RedisExistsTests.m */,
				A9598E0F18E90DFC00ECF4D9 /* RedisScriptTests.m */,
			);
			path = DSRedisTests;
			sourceTree = "<group>";
		};
/* End PBXGroup section */

/* Begin PBXNativeTarget section */
		A94DABD21879967600DE1AA8 /* DSRedis */ = {
			isa = PBXNativeTarget;
			buildConfigurationList = A94DABF61879967700DE1AA8 /* Build configuration list for PBXNativeTarget "DSRedis" */;
			buildPhases = (
				A94DABCF1879967600DE1AA8 /* Sources */,
				A94DABD01879967600DE1AA8 /* Frameworks */,
				A94DABD11879967600DE1AA8 /* CopyFiles */,
			);
			buildRules = (
			);
			dependencies = (
			);
			name = DSRedis;
			productName = Redis;
			productReference = A94DABD31879967600DE1AA8 /* libDSRedis.a */;
			productType = "com.apple.product-type.library.static";
		};
		A94DABE21879967700DE1AA8 /* DSRedisTests */ = {
			isa = PBXNativeTarget;
			buildConfigurationList = A94DABF91879967700DE1AA8 /* Build configuration list for PBXNativeTarget "DSRedisTests" */;
			buildPhases = (
				A94DABDF1879967700DE1AA8 /* Sources */,
				A94DABE01879967700DE1AA8 /* Frameworks */,
				A94DABE11879967700DE1AA8 /* Resources */,
			);
			buildRules = (
			);
			dependencies = (
				A94DABEA1879967700DE1AA8 /* PBXTargetDependency */,
			);
			name = DSRedisTests;
			productName = RedisTests;
			productReference = A94DABE31879967700DE1AA8 /* DSRedisTests.xctest */;
			productType = "com.apple.product-type.bundle.unit-test";
		};
/* End PBXNativeTarget section */

/* Begin PBXProject section */
		A94DABCB1879967600DE1AA8 /* Project object */ = {
			isa = PBXProject;
			attributes = {
				LastUpgradeCheck = 0510;
				ORGANIZATIONNAME = dictav;
			};
			buildConfigurationList = A94DABCE1879967600DE1AA8 /* Build configuration list for PBXProject "DSRedis" */;
			compatibilityVersion = "Xcode 3.2";
			developmentRegion = English;
			hasScannedForEncodings = 0;
			knownRegions = (
				en,
			);
			mainGroup = A94DABCA1879967600DE1AA8;
			productRefGroup = A94DABD41879967600DE1AA8 /* Products */;
			projectDirPath = "";
			projectRoot = "";
			targets = (
				A94DABD21879967600DE1AA8 /* DSRedis */,
				A94DABE21879967700DE1AA8 /* DSRedisTests */,
			);
		};
/* End PBXProject section */

/* Begin PBXResourcesBuildPhase section */
		A94DABE11879967700DE1AA8 /* Resources */ = {
			isa = PBXResourcesBuildPhase;
			buildActionMask = 2147483647;
			files = (
				A9598E1118E90DFC00ECF4D9 /* DSRedisTests-Info.plist in Resources */,
				A9598E1218E90DFC00ECF4D9 /* InfoPlist.strings in Resources */,
			);
			runOnlyForDeploymentPostprocessing = 0;
		};
/* End PBXResourcesBuildPhase section */

/* Begin PBXSourcesBuildPhase section */
		A94DABCF1879967600DE1AA8 /* Sources */ = {
			isa = PBXSourcesBuildPhase;
			buildActionMask = 2147483647;
			files = (
				A91329B218E90E7E0039B81D /* DSRedis.m in Sources */,
			);
			runOnlyForDeploymentPostprocessing = 0;
		};
		A94DABDF1879967700DE1AA8 /* Sources */ = {
			isa = PBXSourcesBuildPhase;
			buildActionMask = 2147483647;
			files = (
				A92BE5751879A2AE0057B8F4 /* dict.c in Sources */,
				A92BE57B1879A2AE0057B8F4 /* hiredis.c in Sources */,
				A9598E1418E90DFC00ECF4D9 /* RedisScriptTests.m in Sources */,
				A92BE57F1879A2AE0057B8F4 /* sds.c in Sources */,
				A9598E1018E90DFC00ECF4D9 /* ARedisTests.m in Sources */,
				A92BE57D1879A2AE0057B8F4 /* net.c in Sources */,
				A9598E1318E90DFC00ECF4D9 /* RedisExistsTests.m in Sources */,
			);
			runOnlyForDeploymentPostprocessing = 0;
		};
/* End PBXSourcesBuildPhase section */

/* Begin PBXTargetDependency section */
		A94DABEA1879967700DE1AA8 /* PBXTargetDependency */ = {
			isa = PBXTargetDependency;
			target = A94DABD21879967600DE1AA8 /* DSRedis */;
			targetProxy = A94DABE91879967700DE1AA8 /* PBXContainerItemProxy */;
		};
/* End PBXTargetDependency section */

/* Begin PBXVariantGroup section */
		A9598E0C18E90DFC00ECF4D9 /* InfoPlist.strings */ = {
			isa = PBXVariantGroup;
			children = (
				A9598E0D18E90DFC00ECF4D9 /* en */,
			);
			name = InfoPlist.strings;
			sourceTree = "<group>";
		};
/* End PBXVariantGroup section */

/* Begin XCBuildConfiguration section */
		A94DABF41879967700DE1AA8 /* Debug */ = {
			isa = XCBuildConfiguration;
			buildSettings = {
				ALWAYS_SEARCH_USER_PATHS = NO;
				CLANG_CXX_LANGUAGE_STANDARD = "gnu++0x";
				CLANG_CXX_LIBRARY = "libc++";
				CLANG_ENABLE_MODULES = YES;
				CLANG_ENABLE_OBJC_ARC = YES;
				CLANG_WARN_BOOL_CONVERSION = YES;
				CLANG_WARN_CONSTANT_CONVERSION = YES;
				CLANG_WARN_DIRECT_OBJC_ISA_USAGE = YES_ERROR;
				CLANG_WARN_EMPTY_BODY = YES;
				CLANG_WARN_ENUM_CONVERSION = YES;
				CLANG_WARN_INT_CONVERSION = YES;
				CLANG_WARN_OBJC_ROOT_CLASS = YES_ERROR;
				CLANG_WARN__DUPLICATE_METHOD_MATCH = YES;
				COPY_PHASE_STRIP = NO;
				GCC_C_LANGUAGE_STANDARD = gnu99;
				GCC_DYNAMIC_NO_PIC = NO;
				GCC_OPTIMIZATION_LEVEL = 0;
				GCC_PREPROCESSOR_DEFINITIONS = (
					"DEBUG=1",
					"$(inherited)",
				);
				GCC_SYMBOLS_PRIVATE_EXTERN = NO;
				GCC_WARN_64_TO_32_BIT_CONVERSION = YES;
				GCC_WARN_ABOUT_RETURN_TYPE = YES_ERROR;
				GCC_WARN_UNDECLARED_SELECTOR = YES;
				GCC_WARN_UNINITIALIZED_AUTOS = YES;
				GCC_WARN_UNUSED_FUNCTION = YES;
				GCC_WARN_UNUSED_VARIABLE = YES;
				IPHONEOS_DEPLOYMENT_TARGET = 6.0;
				ONLY_ACTIVE_ARCH = YES;
				SDKROOT = iphoneos;
			};
			name = Debug;
		};
		A94DABF51879967700DE1AA8 /* Release */ = {
			isa = XCBuildConfiguration;
			buildSettings = {
				ALWAYS_SEARCH_USER_PATHS = NO;
				CLANG_CXX_LANGUAGE_STANDARD = "gnu++0x";
				CLANG_CXX_LIBRARY = "libc++";
				CLANG_ENABLE_MODULES = YES;
				CLANG_ENABLE_OBJC_ARC = YES;
				CLANG_WARN_BOOL_CONVERSION = YES;
				CLANG_WARN_CONSTANT_CONVERSION = YES;
				CLANG_WARN_DIRECT_OBJC_ISA_USAGE = YES_ERROR;
				CLANG_WARN_EMPTY_BODY = YES;
				CLANG_WARN_ENUM_CONVERSION = YES;
				CLANG_WARN_INT_CONVERSION = YES;
				CLANG_WARN_OBJC_ROOT_CLASS = YES_ERROR;
				CLANG_WARN__DUPLICATE_METHOD_MATCH = YES;
				COPY_PHASE_STRIP = YES;
				ENABLE_NS_ASSERTIONS = NO;
				GCC_C_LANGUAGE_STANDARD = gnu99;
				GCC_WARN_64_TO_32_BIT_CONVERSION = YES;
				GCC_WARN_ABOUT_RETURN_TYPE = YES_ERROR;
				GCC_WARN_UNDECLARED_SELECTOR = YES;
				GCC_WARN_UNINITIALIZED_AUTOS = YES;
				GCC_WARN_UNUSED_FUNCTION = YES;
				GCC_WARN_UNUSED_VARIABLE = YES;
				IPHONEOS_DEPLOYMENT_TARGET = 6.0;
				SDKROOT = iphoneos;
				VALIDATE_PRODUCT = YES;
			};
			name = Release;
		};
		A94DABF71879967700DE1AA8 /* Debug */ = {
			isa = XCBuildConfiguration;
			buildSettings = {
				DSTROOT = /tmp/Redis.dst;
				GCC_PRECOMPILE_PREFIX_HEADER = YES;
				GCC_PREFIX_HEADER = "DSRedis/DSRedis-Prefix.pch";
				OTHER_LDFLAGS = "-ObjC";
				PRODUCT_NAME = DSRedis;
				SKIP_INSTALL = YES;
			};
			name = Debug;
		};
		A94DABF81879967700DE1AA8 /* Release */ = {
			isa = XCBuildConfiguration;
			buildSettings = {
				DSTROOT = /tmp/Redis.dst;
				GCC_PRECOMPILE_PREFIX_HEADER = YES;
				GCC_PREFIX_HEADER = "DSRedis/DSRedis-Prefix.pch";
				OTHER_LDFLAGS = "-ObjC";
				PRODUCT_NAME = DSRedis;
				SKIP_INSTALL = YES;
			};
			name = Release;
		};
		A94DABFA1879967700DE1AA8 /* Debug */ = {
			isa = XCBuildConfiguration;
			buildSettings = {
				FRAMEWORK_SEARCH_PATHS = (
					"$(SDKROOT)/Developer/Library/Frameworks",
					"$(inherited)",
					"$(DEVELOPER_FRAMEWORKS_DIR)",
				);
				GCC_PRECOMPILE_PREFIX_HEADER = YES;
				GCC_PREFIX_HEADER = "DSRedis/DSRedis-Prefix.pch";
				GCC_PREPROCESSOR_DEFINITIONS = (
					"DEBUG=1",
					"$(inherited)",
					"TEST=1",
				);
				INFOPLIST_FILE = "DSRedisTests/DSRedisTests-Info.plist";
				PRODUCT_NAME = DSRedisTests;
				WRAPPER_EXTENSION = xctest;
			};
			name = Debug;
		};
		A94DABFB1879967700DE1AA8 /* Release */ = {
			isa = XCBuildConfiguration;
			buildSettings = {
				FRAMEWORK_SEARCH_PATHS = (
					"$(SDKROOT)/Developer/Library/Frameworks",
					"$(inherited)",
					"$(DEVELOPER_FRAMEWORKS_DIR)",
				);
				GCC_PRECOMPILE_PREFIX_HEADER = YES;
				GCC_PREFIX_HEADER = "DSRedis/DSRedis-Prefix.pch";
				INFOPLIST_FILE = "DSRedisTests/DSRedisTests-Info.plist";
				PRODUCT_NAME = DSRedisTests;
				WRAPPER_EXTENSION = xctest;
			};
			name = Release;
		};
/* End XCBuildConfiguration section */

/* Begin XCConfigurationList section */
		A94DABCE1879967600DE1AA8 /* Build configuration list for PBXProject "DSRedis" */ = {
			isa = XCConfigurationList;
			buildConfigurations = (
				A94DABF41879967700DE1AA8 /* Debug */,
				A94DABF51879967700DE1AA8 /* Release */,
			);
			defaultConfigurationIsVisible = 0;
			defaultConfigurationName = Release;
		};
		A94DABF61879967700DE1AA8 /* Build configuration list for PBXNativeTarget "DSRedis" */ = {
			isa = XCConfigurationList;
			buildConfigurations = (
				A94DABF71879967700DE1AA8 /* Debug */,
				A94DABF81879967700DE1AA8 /* Release */,
			);
			defaultConfigurationIsVisible = 0;
			defaultConfigurationName = Release;
		};
		A94DABF91879967700DE1AA8 /* Build configuration list for PBXNativeTarget "DSRedisTests" */ = {
			isa = XCConfigurationList;
			buildConfigurations = (
				A94DABFA1879967700DE1AA8 /* Debug */,
				A94DABFB1879967700DE1AA8 /* Release */,
			);
			defaultConfigurationIsVisible = 0;
			defaultConfigurationName = Release;
		};
/* End XCConfigurationList section */
	};
	rootObject = A94DABCB1879967600DE1AA8 /* Project object */;
}
